
Microsoft Visual Studio Solution File, Format Version 12.00
# Visual Studio Version 17
VisualStudioVersion = 17.3.32929.385
MinimumVisualStudioVersion = 10.0.40219.1
Project("{9A19103F-16F7-4668-BE54-9A1E7A4F7556}") = "ParcelDelivery.Service", "ParcelDeliveryService\ParcelDelivery.Service.csproj", "{FBEFC3EE-2A9C-4858-8546-774DD9A331D9}"
EndProject
Project("{9A19103F-16F7-4668-BE54-9A1E7A4F7556}") = "ParcelDelivery.Service.Impl", "ParcelDelivery.Service.Impl\ParcelDelivery.Service.Impl.csproj", "{1212DADF-7B8F-41B9-B0B4-94F5DF261A4B}"
EndProject
Project("{9A19103F-16F7-4668-BE54-9A1E7A4F7556}") = "ParcelDelivery.Model", "ParcelDelivery.Model\ParcelDelivery.Model.csproj", "{469A3C93-9CCB-4255-BFFC-EA3881D6333E}"
EndProject
Project("{9A19103F-16F7-4668-BE54-9A1E7A4F7556}") = "ParcelDelivery.Output", "ParcelDelivery.Output\ParcelDelivery.Output.csproj", "{DA92C0A5-7EA5-4F10-AA2D-61326A214587}"
EndProject
Project("{FAE04EC0-301F-11D3-BF4B-00C04F79EFBC}") = "ParcelDelivery.Service.Impl.UnitTest", "ParcelDelivery.Service.Impl.UnitTest\ParcelDelivery.Service.Impl.UnitTest.csproj", "{F3DE7826-2169-4143-A899-3EDB8FB00BE7}"
EndProject
Global
	GlobalSection(SolutionConfigurationPlatforms) = preSolution
		Debug|Any CPU = Debug|Any CPU
		Release|Any CPU = Release|Any CPU
	EndGlobalSection
	GlobalSection(ProjectConfigurationPlatforms) = postSolution
		{FBEFC3EE-2A9C-4858-8546-774DD9A331D9}.Debug|Any CPU.ActiveCfg = Debug|Any CPU
		{FBEFC3EE-2A9C-4858-8546-774DD9A331D9}.Debug|Any CPU.Build.0 = Debug|Any CPU
		{FBEFC3EE-2A9C-4858-8546-774DD9A331D9}.Release|Any CPU.ActiveCfg = Release|Any CPU
		{FBEFC3EE-2A9C-4858-8546-774DD9A331D9}.Release|Any CPU.Build.0 = Release|Any CPU
		{1212DADF-7B8F-41B9-B0B4-94F5DF261A4B}.Debug|Any CPU.ActiveCfg = Debug|Any CPU
		{1212DADF-7B8F-41B9-B0B4-94F5DF261A4B}.Debug|Any CPU.Build.0 = Debug|Any CPU
		{1212DADF-7B8F-41B9-B0B4-94F5DF261A4B}.Release|Any CPU.ActiveCfg = Release|Any CPU
		{1212DADF-7B8F-41B9-B0B4-94F5DF261A4B}.Release|Any CPU.Build.0 = Release|Any CPU
		{469A3C93-9CCB-4255-BFFC-EA3881D6333E}.Debug|Any CPU.ActiveCfg = Debug|Any CPU
		{469A3C93-9CCB-4255-BFFC-EA3881D6333E}.Debug|Any CPU.Build.0 = Debug|Any CPU
		{469A3C93-9CCB-4255-BFFC-EA3881D6333E}.Release|Any CPU.ActiveCfg = Release|Any CPU
		{469A3C93-9CCB-4255-BFFC-EA3881D6333E}.Release|Any CPU.Build.0 = Release|Any CPU
		{DA92C0A5-7EA5-4F10-AA2D-61326A214587}.Debug|Any CPU.ActiveCfg = Debug|Any CPU
		{DA92C0A5-7EA5-4F10-AA2D-61326A214587}.Debug|Any CPU.Build.0 = Debug|Any CPU
		{DA92C0A5-7EA5-4F10-AA2D-61326A214587}.Release|Any CPU.ActiveCfg = Release|Any CPU
		{DA92C0A5-7EA5-4F10-AA2D-61326A214587}.Release|Any CPU.Build.0 = Release|Any CPU
		{F3DE7826-2169-4143-A899-3EDB8FB00BE7}.Debug|Any CPU.ActiveCfg = Debug|Any CPU
		{F3DE7826-2169-4143-A899-3EDB8FB00BE7}.Debug|Any CPU.Build.0 = Debug|Any CPU
		{F3DE7826-2169-4143-A899-3EDB8FB00BE7}.Release|Any CPU.ActiveCfg = Release|Any CPU
		{F3DE7826-2169-4143-A899-3EDB8FB00BE7}.Release|Any CPU.Build.0 = Release|Any CPU
	EndGlobalSection
	GlobalSection(SolutionProperties) = preSolution
		HideSolutionNode = FALSE
	EndGlobalSection
	GlobalSection(ExtensibilityGlobals) = postSolution
		SolutionGuid = {7CEA27EF-8D1E-4DED-AE74-43810141136A}
	EndGlobalSection
EndGlobal
